
Microsoft Visual Studio Solution File, Format Version 12.00
# Visual Studio 15
VisualStudioVersion = 15.0.26730.10
MinimumVisualStudioVersion = 10.0.40219.1
Project("{FAE04EC0-301F-11D3-BF4B-00C04F79EFBC}") = "Funktionsrechner 2.0", "Funktionsrechner 2.0\Funktionsrechner 2.0.csproj", "{ADECF529-A493-4A0E-83D7-5FABE0A80828}"
EndProject
Global
	GlobalSection(SolutionConfigurationPlatforms) = preSolution
		Debug|Any CPU = Debug|Any CPU
		Release|Any CPU = Release|Any CPU
	EndGlobalSection
	GlobalSection(ProjectConfigurationPlatforms) = postSolution
		{ADECF529-A493-4A0E-83D7-5FABE0A80828}.Debug|Any CPU.ActiveCfg = Debug|Any CPU
		{ADECF529-A493-4A0E-83D7-5FABE0A80828}.Debug|Any CPU.Build.0 = Debug|Any CPU
		{ADECF529-A493-4A0E-83D7-5FABE0A80828}.Release|Any CPU.ActiveCfg = Release|Any CPU
		{ADECF529-A493-4A0E-83D7-5FABE0A80828}.Release|Any CPU.Build.0 = Release|Any CPU
	EndGlobalSection
	GlobalSection(SolutionProperties) = preSolution
		HideSolutionNode = FALSE
	EndGlobalSection
	GlobalSection(ExtensibilityGlobals) = postSolution
		SolutionGuid = {B1DB4DD4-83A4-4702-BA75-62C9C6481E4F}
	EndGlobalSection
EndGlobal
